
Microsoft Visual Studio Solution File, Format Version 12.00
# Visual Studio Version 17
VisualStudioVersion = 17.14.36408.4 d17.14
MinimumVisualStudioVersion = 10.0.40219.1
Project("{FAE04EC0-301F-11D3-BF4B-00C04F79EFBC}") = "IronDomeCommandCenter", "IronDomeCommandCenter\IronDomeCommandCenter.csproj", "{2951F27B-B018-4A23-8596-380DAA5BD995}"
EndProject
Global
	GlobalSection(SolutionConfigurationPlatforms) = preSolution
		Debug|Any CPU = Debug|Any CPU
		Release|Any CPU = Release|Any CPU
	EndGlobalSection
	GlobalSection(ProjectConfigurationPlatforms) = postSolution
		{2951F27B-B018-4A23-8596-380DAA5BD995}.Debug|Any CPU.ActiveCfg = Debug|Any CPU
		{2951F27B-B018-4A23-8596-380DAA5BD995}.Debug|Any CPU.Build.0 = Debug|Any CPU
		{2951F27B-B018-4A23-8596-380DAA5BD995}.Release|Any CPU.ActiveCfg = Release|Any CPU
		{2951F27B-B018-4A23-8596-380DAA5BD995}.Release|Any CPU.Build.0 = Release|Any CPU
	EndGlobalSection
	GlobalSection(SolutionProperties) = preSolution
		HideSolutionNode = FALSE
	EndGlobalSection
	GlobalSection(ExtensibilityGlobals) = postSolution
		SolutionGuid = {0957F239-01E2-438E-8846-453A06F7799E}
	EndGlobalSection
EndGlobal
