
Microsoft Visual Studio Solution File, Format Version 12.00
# Visual Studio Version 17
VisualStudioVersion = 17.14.36408.4 d17.14
MinimumVisualStudioVersion = 10.0.40219.1
Project("{FAE04EC0-301F-11D3-BF4B-00C04F79EFBC}") = "IronDomeInterceptor", "IronDomeInterceptor\IronDomeInterceptor.csproj", "{4965F721-C52E-4E02-A259-689112E66DBE}"
EndProject
Global
	GlobalSection(SolutionConfigurationPlatforms) = preSolution
		Debug|Any CPU = Debug|Any CPU
		Release|Any CPU = Release|Any CPU
	EndGlobalSection
	GlobalSection(ProjectConfigurationPlatforms) = postSolution
		{4965F721-C52E-4E02-A259-689112E66DBE}.Debug|Any CPU.ActiveCfg = Debug|Any CPU
		{4965F721-C52E-4E02-A259-689112E66DBE}.Debug|Any CPU.Build.0 = Debug|Any CPU
		{4965F721-C52E-4E02-A259-689112E66DBE}.Release|Any CPU.ActiveCfg = Release|Any CPU
		{4965F721-C52E-4E02-A259-689112E66DBE}.Release|Any CPU.Build.0 = Release|Any CPU
	EndGlobalSection
	GlobalSection(SolutionProperties) = preSolution
		HideSolutionNode = FALSE
	EndGlobalSection
	GlobalSection(ExtensibilityGlobals) = postSolution
		SolutionGuid = {429EB9DA-4926-475E-A7E9-7DB7B268E689}
	EndGlobalSection
EndGlobal
